
Microsoft Visual Studio Solution File, Format Version 12.00
# Visual Studio Version 17
VisualStudioVersion = 17.4.33213.308
MinimumVisualStudioVersion = 10.0.40219.1
Project("{9A19103F-16F7-4668-BE54-9A1E7A4F7556}") = "Interface", "InterpolatonApp\Interface.csproj", "{D7F43A76-B122-4C36-8EC7-3A40629E4A22}"
	ProjectSection(ProjectDependencies) = postProject
		{28E42F07-342E-4EB0-91D2-2BB53B04FAFA} = {28E42F07-342E-4EB0-91D2-2BB53B04FAFA}
	EndProjectSection
EndProject
Project("{FAE04EC0-301F-11D3-BF4B-00C04F79EFBC}") = "ClassLibrary", "ClassLibrary\ClassLibrary.csproj", "{28E42F07-342E-4EB0-91D2-2BB53B04FAFA}"
	ProjectSection(ProjectDependencies) = postProject
		{1261D8A8-9BE3-4D6D-95A3-1D901A351003} = {1261D8A8-9BE3-4D6D-95A3-1D901A351003}
	EndProjectSection
EndProject
Project("{8BC9CEB8-8B4A-11D0-8D11-00A0C91BC942}") = "CPP_Lib", "CPP_Lib\CPP_Lib.vcxproj", "{1261D8A8-9BE3-4D6D-95A3-1D901A351003}"
EndProject
Global
	GlobalSection(SolutionConfigurationPlatforms) = preSolution
		Debug|Any CPU = Debug|Any CPU
		Debug|x64 = Debug|x64
		Debug|x86 = Debug|x86
		Release|Any CPU = Release|Any CPU
		Release|x64 = Release|x64
		Release|x86 = Release|x86
	EndGlobalSection
	GlobalSection(ProjectConfigurationPlatforms) = postSolution
		{D7F43A76-B122-4C36-8EC7-3A40629E4A22}.Debug|Any CPU.ActiveCfg = Debug|Any CPU
		{D7F43A76-B122-4C36-8EC7-3A40629E4A22}.Debug|Any CPU.Build.0 = Debug|Any CPU
		{D7F43A76-B122-4C36-8EC7-3A40629E4A22}.Debug|x64.ActiveCfg = Debug|Any CPU
		{D7F43A76-B122-4C36-8EC7-3A40629E4A22}.Debug|x64.Build.0 = Debug|Any CPU
		{D7F43A76-B122-4C36-8EC7-3A40629E4A22}.Debug|x86.ActiveCfg = Debug|Any CPU
		{D7F43A76-B122-4C36-8EC7-3A40629E4A22}.Debug|x86.Build.0 = Debug|Any CPU
		{D7F43A76-B122-4C36-8EC7-3A40629E4A22}.Release|Any CPU.ActiveCfg = Release|Any CPU
		{D7F43A76-B122-4C36-8EC7-3A40629E4A22}.Release|Any CPU.Build.0 = Release|Any CPU
		{D7F43A76-B122-4C36-8EC7-3A40629E4A22}.Release|x64.ActiveCfg = Release|Any CPU
		{D7F43A76-B122-4C36-8EC7-3A40629E4A22}.Release|x64.Build.0 = Release|Any CPU
		{D7F43A76-B122-4C36-8EC7-3A40629E4A22}.Release|x86.ActiveCfg = Release|Any CPU
		{D7F43A76-B122-4C36-8EC7-3A40629E4A22}.Release|x86.Build.0 = Release|Any CPU
		{28E42F07-342E-4EB0-91D2-2BB53B04FAFA}.Debug|Any CPU.ActiveCfg = Debug|Any CPU
		{28E42F07-342E-4EB0-91D2-2BB53B04FAFA}.Debug|Any CPU.Build.0 = Debug|Any CPU
		{28E42F07-342E-4EB0-91D2-2BB53B04FAFA}.Debug|x64.ActiveCfg = Debug|Any CPU
		{28E42F07-342E-4EB0-91D2-2BB53B04FAFA}.Debug|x64.Build.0 = Debug|Any CPU
		{28E42F07-342E-4EB0-91D2-2BB53B04FAFA}.Debug|x86.ActiveCfg = Debug|Any CPU
		{28E42F07-342E-4EB0-91D2-2BB53B04FAFA}.Debug|x86.Build.0 = Debug|Any CPU
		{28E42F07-342E-4EB0-91D2-2BB53B04FAFA}.Release|Any CPU.ActiveCfg = Release|Any CPU
		{28E42F07-342E-4EB0-91D2-2BB53B04FAFA}.Release|Any CPU.Build.0 = Release|Any CPU
		{28E42F07-342E-4EB0-91D2-2BB53B04FAFA}.Release|x64.ActiveCfg = Release|Any CPU
		{28E42F07-342E-4EB0-91D2-2BB53B04FAFA}.Release|x64.Build.0 = Release|Any CPU
		{28E42F07-342E-4EB0-91D2-2BB53B04FAFA}.Release|x86.ActiveCfg = Release|Any CPU
		{28E42F07-342E-4EB0-91D2-2BB53B04FAFA}.Release|x86.Build.0 = Release|Any CPU
		{1261D8A8-9BE3-4D6D-95A3-1D901A351003}.Debug|Any CPU.ActiveCfg = Debug|x64
		{1261D8A8-9BE3-4D6D-95A3-1D901A351003}.Debug|Any CPU.Build.0 = Debug|x64
		{1261D8A8-9BE3-4D6D-95A3-1D901A351003}.Debug|x64.ActiveCfg = Debug|x64
		{1261D8A8-9BE3-4D6D-95A3-1D901A351003}.Debug|x64.Build.0 = Debug|x64
		{1261D8A8-9BE3-4D6D-95A3-1D901A351003}.Debug|x86.ActiveCfg = Debug|Win32
		{1261D8A8-9BE3-4D6D-95A3-1D901A351003}.Debug|x86.Build.0 = Debug|Win32
		{1261D8A8-9BE3-4D6D-95A3-1D901A351003}.Release|Any CPU.ActiveCfg = Release|x64
		{1261D8A8-9BE3-4D6D-95A3-1D901A351003}.Release|Any CPU.Build.0 = Release|x64
		{1261D8A8-9BE3-4D6D-95A3-1D901A351003}.Release|x64.ActiveCfg = Release|x64
		{1261D8A8-9BE3-4D6D-95A3-1D901A351003}.Release|x64.Build.0 = Release|x64
		{1261D8A8-9BE3-4D6D-95A3-1D901A351003}.Release|x86.ActiveCfg = Release|Win32
		{1261D8A8-9BE3-4D6D-95A3-1D901A351003}.Release|x86.Build.0 = Release|Win32
	EndGlobalSection
	GlobalSection(SolutionProperties) = preSolution
		HideSolutionNode = FALSE
	EndGlobalSection
	GlobalSection(ExtensibilityGlobals) = postSolution
		SolutionGuid = {F7BE546F-FFF8-484A-823E-92736E020326}
	EndGlobalSection
EndGlobal
